
Microsoft Visual Studio Solution File, Format Version 12.00
# Visual Studio Version 17
VisualStudioVersion = 17.3.32819.101
MinimumVisualStudioVersion = 10.0.40219.1
Project("{9A19103F-16F7-4668-BE54-9A1E7A4F7556}") = "MagicVilla_VillaApi", "MagicVilla_VillaApi\MagicVilla_VillaApi.csproj", "{A9CD5EC9-3CE8-484E-BCFB-9CDEB860ABB7}"
EndProject
Project("{FAE04EC0-301F-11D3-BF4B-00C04F79EFBC}") = "MagicVilla_Web", "MagicVilla_Web\MagicVilla_Web.csproj", "{29DF9501-5A5C-4730-BF4D-8C34BF9ABE26}"
EndProject
Project("{FAE04EC0-301F-11D3-BF4B-00C04F79EFBC}") = "MagicVilla_Utillity", "MagicVilla_Utillity\MagicVilla_Utillity.csproj", "{306150FB-F261-47C0-83C8-73B39B2FFB5A}"
EndProject
Global
	GlobalSection(SolutionConfigurationPlatforms) = preSolution
		Debug|Any CPU = Debug|Any CPU
		Release|Any CPU = Release|Any CPU
	EndGlobalSection
	GlobalSection(ProjectConfigurationPlatforms) = postSolution
		{A9CD5EC9-3CE8-484E-BCFB-9CDEB860ABB7}.Debug|Any CPU.ActiveCfg = Debug|Any CPU
		{A9CD5EC9-3CE8-484E-BCFB-9CDEB860ABB7}.Debug|Any CPU.Build.0 = Debug|Any CPU
		{A9CD5EC9-3CE8-484E-BCFB-9CDEB860ABB7}.Release|Any CPU.ActiveCfg = Release|Any CPU
		{A9CD5EC9-3CE8-484E-BCFB-9CDEB860ABB7}.Release|Any CPU.Build.0 = Release|Any CPU
		{29DF9501-5A5C-4730-BF4D-8C34BF9ABE26}.Debug|Any CPU.ActiveCfg = Debug|Any CPU
		{29DF9501-5A5C-4730-BF4D-8C34BF9ABE26}.Debug|Any CPU.Build.0 = Debug|Any CPU
		{29DF9501-5A5C-4730-BF4D-8C34BF9ABE26}.Release|Any CPU.ActiveCfg = Release|Any CPU
		{29DF9501-5A5C-4730-BF4D-8C34BF9ABE26}.Release|Any CPU.Build.0 = Release|Any CPU
		{306150FB-F261-47C0-83C8-73B39B2FFB5A}.Debug|Any CPU.ActiveCfg = Debug|Any CPU
		{306150FB-F261-47C0-83C8-73B39B2FFB5A}.Debug|Any CPU.Build.0 = Debug|Any CPU
		{306150FB-F261-47C0-83C8-73B39B2FFB5A}.Release|Any CPU.ActiveCfg = Release|Any CPU
		{306150FB-F261-47C0-83C8-73B39B2FFB5A}.Release|Any CPU.Build.0 = Release|Any CPU
	EndGlobalSection
	GlobalSection(SolutionProperties) = preSolution
		HideSolutionNode = FALSE
	EndGlobalSection
	GlobalSection(ExtensibilityGlobals) = postSolution
		SolutionGuid = {2D21E326-268D-43BB-BBE0-F090E4B241DA}
	EndGlobalSection
EndGlobal
